
Microsoft Visual Studio Solution File, Format Version 12.00
# Visual Studio Version 17
VisualStudioVersion = 17.1.32421.90
MinimumVisualStudioVersion = 10.0.40219.1
Project("{9A19103F-16F7-4668-BE54-9A1E7A4F7556}") = "SpecFlowCalculatorMVCNew", "SpecFlowCalculatorMVCNew\SpecFlowCalculatorMVCNew.csproj", "{56319C76-1611-43F6-94D8-90521614E95C}"
EndProject
Project("{9A19103F-16F7-4668-BE54-9A1E7A4F7556}") = "SpecFlowCalculator.Specs", "SpecFlowCalculator.Specs\SpecFlowCalculator.Specs.csproj", "{B8B9DF0A-0353-4D92-B6A0-7AA156DCD065}"
EndProject
Project("{FAE04EC0-301F-11D3-BF4B-00C04F79EFBC}") = "CalculatorXunitTest", "CalculatorXunitTest\CalculatorXunitTest.csproj", "{9BE63E3F-C8DF-47F9-B3A0-147E8EEE5310}"
EndProject
Global
	GlobalSection(SolutionConfigurationPlatforms) = preSolution
		Debug|Any CPU = Debug|Any CPU
		Release|Any CPU = Release|Any CPU
	EndGlobalSection
	GlobalSection(ProjectConfigurationPlatforms) = postSolution
		{56319C76-1611-43F6-94D8-90521614E95C}.Debug|Any CPU.ActiveCfg = Debug|Any CPU
		{56319C76-1611-43F6-94D8-90521614E95C}.Debug|Any CPU.Build.0 = Debug|Any CPU
		{56319C76-1611-43F6-94D8-90521614E95C}.Release|Any CPU.ActiveCfg = Release|Any CPU
		{56319C76-1611-43F6-94D8-90521614E95C}.Release|Any CPU.Build.0 = Release|Any CPU
		{B8B9DF0A-0353-4D92-B6A0-7AA156DCD065}.Debug|Any CPU.ActiveCfg = Debug|Any CPU
		{B8B9DF0A-0353-4D92-B6A0-7AA156DCD065}.Debug|Any CPU.Build.0 = Debug|Any CPU
		{B8B9DF0A-0353-4D92-B6A0-7AA156DCD065}.Release|Any CPU.ActiveCfg = Release|Any CPU
		{B8B9DF0A-0353-4D92-B6A0-7AA156DCD065}.Release|Any CPU.Build.0 = Release|Any CPU
		{9BE63E3F-C8DF-47F9-B3A0-147E8EEE5310}.Debug|Any CPU.ActiveCfg = Debug|Any CPU
		{9BE63E3F-C8DF-47F9-B3A0-147E8EEE5310}.Debug|Any CPU.Build.0 = Debug|Any CPU
		{9BE63E3F-C8DF-47F9-B3A0-147E8EEE5310}.Release|Any CPU.ActiveCfg = Release|Any CPU
		{9BE63E3F-C8DF-47F9-B3A0-147E8EEE5310}.Release|Any CPU.Build.0 = Release|Any CPU
	EndGlobalSection
	GlobalSection(SolutionProperties) = preSolution
		HideSolutionNode = FALSE
	EndGlobalSection
	GlobalSection(ExtensibilityGlobals) = postSolution
		SolutionGuid = {404A641B-D76F-43D6-9895-E0EDF07DFF17}
	EndGlobalSection
EndGlobal
